
Microsoft Visual Studio Solution File, Format Version 12.00
# Visual Studio 15
VisualStudioVersion = 15.0.26730.16
MinimumVisualStudioVersion = 10.0.40219.1
Project("{2150E333-8FDC-42A3-9474-1A3956D46DE8}") = ".nuget", ".nuget", "{F574830C-1205-46AB-9E70-45270DD97FE3}"
	ProjectSection(SolutionItems) = preProject
		.nuget\packages.config = .nuget\packages.config
	EndProjectSection
EndProject
Project("{9A19103F-16F7-4668-BE54-9A1E7A4F7556}") = "Infrastructure", "Infrastructure\Infrastructure.csproj", "{91D838BC-B088-4881-B460-1ABD994402BC}"
EndProject
Project("{9A19103F-16F7-4668-BE54-9A1E7A4F7556}") = "HttpInfrastructure", "HttpInfrastructure\HttpInfrastructure.csproj", "{EEAEEF67-BB09-47DC-88AD-7B7109D1FC77}"
EndProject
Project("{9A19103F-16F7-4668-BE54-9A1E7A4F7556}") = "TaskManagerClient", "TaskManagerClient\TaskManagerClient.csproj", "{5E0E8B08-1EE2-4EBE-993F-458F3AB23D23}"
EndProject
Project("{9A19103F-16F7-4668-BE54-9A1E7A4F7556}") = "Tests", "Tests\Tests.csproj", "{2725C660-62A4-4D1C-80E6-23EC741FA037}"
EndProject
Project("{9A19103F-16F7-4668-BE54-9A1E7A4F7556}") = "WebApplication", "WebApplication\WebApplication.csproj", "{1A829648-4110-49D0-84E3-177CBEF84840}"
EndProject
Project("{9A19103F-16F7-4668-BE54-9A1E7A4F7556}") = "Serialization", "Serialization\Serialization.csproj", "{41CD40F1-6AD1-4EDD-9C0A-FD666570AF01}"
EndProject
Project("{9A19103F-16F7-4668-BE54-9A1E7A4F7556}") = "Storage", "Storage\Storage.csproj", "{3C0669FA-3C06-435C-B469-8AE21E09A2C9}"
EndProject
Project("{9A19103F-16F7-4668-BE54-9A1E7A4F7556}") = "IoCContainer", "IoCContainer\IoCContainer.csproj", "{8D4E6C8D-EA6D-4F1B-9C73-4835C1D48498}"
EndProject
Project("{9A19103F-16F7-4668-BE54-9A1E7A4F7556}") = "MessageBroker", "MessageBroker\MessageBroker.csproj", "{B246D9CD-3D05-49E4-9B38-914926D86A8A}"
EndProject
Project("{9A19103F-16F7-4668-BE54-9A1E7A4F7556}") = "Logger", "Logger\Logger.csproj", "{F82860FB-A1B2-4F90-816E-18AFAD20A081}"
EndProject
Project("{9A19103F-16F7-4668-BE54-9A1E7A4F7556}") = "OperationalService", "OperationalService\OperationalService.csproj", "{8492B19B-1E87-424C-A39D-93A4BD3B26CF}"
EndProject
Project("{9A19103F-16F7-4668-BE54-9A1E7A4F7556}") = "RepositoryHooks", "RepositoryHooks\RepositoryHooks.csproj", "{0721C8A2-D5F1-4773-8BB9-6BC5ECE4E562}"
EndProject
Project("{9A19103F-16F7-4668-BE54-9A1E7A4F7556}") = "ProcessStats", "ProcessStats\ProcessStats.csproj", "{BDC66F8B-B4E4-45D1-9CFD-318A13E893BE}"
EndProject
Project("{9A19103F-16F7-4668-BE54-9A1E7A4F7556}") = "ConsoleRunner", "ConsoleRunner\ConsoleRunner.csproj", "{F3E4C311-E86E-40AF-9FBF-99648BEEF68A}"
EndProject
Project("{FAE04EC0-301F-11D3-BF4B-00C04F79EFBC}") = "ViskeyTube", "ViskeyTube\ViskeyTube.csproj", "{9EB3E7C4-336C-41B8-ACC5-C86D81DD78A4}"
EndProject
Global
	GlobalSection(SolutionConfigurationPlatforms) = preSolution
		Debug|Any CPU = Debug|Any CPU
		Release|Any CPU = Release|Any CPU
	EndGlobalSection
	GlobalSection(ProjectConfigurationPlatforms) = postSolution
		{91D838BC-B088-4881-B460-1ABD994402BC}.Debug|Any CPU.ActiveCfg = Debug|Any CPU
		{91D838BC-B088-4881-B460-1ABD994402BC}.Debug|Any CPU.Build.0 = Debug|Any CPU
		{91D838BC-B088-4881-B460-1ABD994402BC}.Release|Any CPU.ActiveCfg = Release|Any CPU
		{91D838BC-B088-4881-B460-1ABD994402BC}.Release|Any CPU.Build.0 = Release|Any CPU
		{EEAEEF67-BB09-47DC-88AD-7B7109D1FC77}.Debug|Any CPU.ActiveCfg = Debug|Any CPU
		{EEAEEF67-BB09-47DC-88AD-7B7109D1FC77}.Debug|Any CPU.Build.0 = Debug|Any CPU
		{EEAEEF67-BB09-47DC-88AD-7B7109D1FC77}.Release|Any CPU.ActiveCfg = Release|Any CPU
		{EEAEEF67-BB09-47DC-88AD-7B7109D1FC77}.Release|Any CPU.Build.0 = Release|Any CPU
		{5E0E8B08-1EE2-4EBE-993F-458F3AB23D23}.Debug|Any CPU.ActiveCfg = Debug|Any CPU
		{5E0E8B08-1EE2-4EBE-993F-458F3AB23D23}.Debug|Any CPU.Build.0 = Debug|Any CPU
		{5E0E8B08-1EE2-4EBE-993F-458F3AB23D23}.Release|Any CPU.ActiveCfg = Release|Any CPU
		{5E0E8B08-1EE2-4EBE-993F-458F3AB23D23}.Release|Any CPU.Build.0 = Release|Any CPU
		{2725C660-62A4-4D1C-80E6-23EC741FA037}.Debug|Any CPU.ActiveCfg = Debug|Any CPU
		{2725C660-62A4-4D1C-80E6-23EC741FA037}.Debug|Any CPU.Build.0 = Debug|Any CPU
		{2725C660-62A4-4D1C-80E6-23EC741FA037}.Release|Any CPU.ActiveCfg = Release|Any CPU
		{2725C660-62A4-4D1C-80E6-23EC741FA037}.Release|Any CPU.Build.0 = Release|Any CPU
		{1A829648-4110-49D0-84E3-177CBEF84840}.Debug|Any CPU.ActiveCfg = Debug|Any CPU
		{1A829648-4110-49D0-84E3-177CBEF84840}.Debug|Any CPU.Build.0 = Debug|Any CPU
		{1A829648-4110-49D0-84E3-177CBEF84840}.Release|Any CPU.ActiveCfg = Release|Any CPU
		{1A829648-4110-49D0-84E3-177CBEF84840}.Release|Any CPU.Build.0 = Release|Any CPU
		{41CD40F1-6AD1-4EDD-9C0A-FD666570AF01}.Debug|Any CPU.ActiveCfg = Debug|Any CPU
		{41CD40F1-6AD1-4EDD-9C0A-FD666570AF01}.Debug|Any CPU.Build.0 = Debug|Any CPU
		{41CD40F1-6AD1-4EDD-9C0A-FD666570AF01}.Release|Any CPU.ActiveCfg = Release|Any CPU
		{41CD40F1-6AD1-4EDD-9C0A-FD666570AF01}.Release|Any CPU.Build.0 = Release|Any CPU
		{3C0669FA-3C06-435C-B469-8AE21E09A2C9}.Debug|Any CPU.ActiveCfg = Debug|Any CPU
		{3C0669FA-3C06-435C-B469-8AE21E09A2C9}.Debug|Any CPU.Build.0 = Debug|Any CPU
		{3C0669FA-3C06-435C-B469-8AE21E09A2C9}.Release|Any CPU.ActiveCfg = Release|Any CPU
		{3C0669FA-3C06-435C-B469-8AE21E09A2C9}.Release|Any CPU.Build.0 = Release|Any CPU
		{8D4E6C8D-EA6D-4F1B-9C73-4835C1D48498}.Debug|Any CPU.ActiveCfg = Debug|Any CPU
		{8D4E6C8D-EA6D-4F1B-9C73-4835C1D48498}.Debug|Any CPU.Build.0 = Debug|Any CPU
		{8D4E6C8D-EA6D-4F1B-9C73-4835C1D48498}.Release|Any CPU.ActiveCfg = Release|Any CPU
		{8D4E6C8D-EA6D-4F1B-9C73-4835C1D48498}.Release|Any CPU.Build.0 = Release|Any CPU
		{B246D9CD-3D05-49E4-9B38-914926D86A8A}.Debug|Any CPU.ActiveCfg = Debug|Any CPU
		{B246D9CD-3D05-49E4-9B38-914926D86A8A}.Debug|Any CPU.Build.0 = Debug|Any CPU
		{B246D9CD-3D05-49E4-9B38-914926D86A8A}.Release|Any CPU.ActiveCfg = Release|Any CPU
		{B246D9CD-3D05-49E4-9B38-914926D86A8A}.Release|Any CPU.Build.0 = Release|Any CPU
		{F82860FB-A1B2-4F90-816E-18AFAD20A081}.Debug|Any CPU.ActiveCfg = Debug|Any CPU
		{F82860FB-A1B2-4F90-816E-18AFAD20A081}.Debug|Any CPU.Build.0 = Debug|Any CPU
		{F82860FB-A1B2-4F90-816E-18AFAD20A081}.Release|Any CPU.ActiveCfg = Release|Any CPU
		{F82860FB-A1B2-4F90-816E-18AFAD20A081}.Release|Any CPU.Build.0 = Release|Any CPU
		{8492B19B-1E87-424C-A39D-93A4BD3B26CF}.Debug|Any CPU.ActiveCfg = Debug|Any CPU
		{8492B19B-1E87-424C-A39D-93A4BD3B26CF}.Debug|Any CPU.Build.0 = Debug|Any CPU
		{8492B19B-1E87-424C-A39D-93A4BD3B26CF}.Release|Any CPU.ActiveCfg = Release|Any CPU
		{8492B19B-1E87-424C-A39D-93A4BD3B26CF}.Release|Any CPU.Build.0 = Release|Any CPU
		{0721C8A2-D5F1-4773-8BB9-6BC5ECE4E562}.Debug|Any CPU.ActiveCfg = Debug|Any CPU
		{0721C8A2-D5F1-4773-8BB9-6BC5ECE4E562}.Debug|Any CPU.Build.0 = Debug|Any CPU
		{0721C8A2-D5F1-4773-8BB9-6BC5ECE4E562}.Release|Any CPU.ActiveCfg = Release|Any CPU
		{0721C8A2-D5F1-4773-8BB9-6BC5ECE4E562}.Release|Any CPU.Build.0 = Release|Any CPU
		{BDC66F8B-B4E4-45D1-9CFD-318A13E893BE}.Debug|Any CPU.ActiveCfg = Debug|Any CPU
		{BDC66F8B-B4E4-45D1-9CFD-318A13E893BE}.Debug|Any CPU.Build.0 = Debug|Any CPU
		{BDC66F8B-B4E4-45D1-9CFD-318A13E893BE}.Release|Any CPU.ActiveCfg = Release|Any CPU
		{BDC66F8B-B4E4-45D1-9CFD-318A13E893BE}.Release|Any CPU.Build.0 = Release|Any CPU
		{F3E4C311-E86E-40AF-9FBF-99648BEEF68A}.Debug|Any CPU.ActiveCfg = Debug|Any CPU
		{F3E4C311-E86E-40AF-9FBF-99648BEEF68A}.Debug|Any CPU.Build.0 = Debug|Any CPU
		{F3E4C311-E86E-40AF-9FBF-99648BEEF68A}.Release|Any CPU.ActiveCfg = Release|Any CPU
		{F3E4C311-E86E-40AF-9FBF-99648BEEF68A}.Release|Any CPU.Build.0 = Release|Any CPU
		{9EB3E7C4-336C-41B8-ACC5-C86D81DD78A4}.Debug|Any CPU.ActiveCfg = Debug|Any CPU
		{9EB3E7C4-336C-41B8-ACC5-C86D81DD78A4}.Debug|Any CPU.Build.0 = Debug|Any CPU
		{9EB3E7C4-336C-41B8-ACC5-C86D81DD78A4}.Release|Any CPU.ActiveCfg = Release|Any CPU
		{9EB3E7C4-336C-41B8-ACC5-C86D81DD78A4}.Release|Any CPU.Build.0 = Release|Any CPU
	EndGlobalSection
	GlobalSection(SolutionProperties) = preSolution
		HideSolutionNode = FALSE
	EndGlobalSection
	GlobalSection(ExtensibilityGlobals) = postSolution
		SolutionGuid = {1EB1A674-635F-44E0-8EB3-F18144D80CA0}
	EndGlobalSection
EndGlobal
