
Microsoft Visual Studio Solution File, Format Version 12.00
# Visual Studio 14
VisualStudioVersion = 14.0.25420.1
MinimumVisualStudioVersion = 10.0.40219.1
Project("{2150E333-8FDC-42A3-9474-1A3956D46DE8}") = ".nuget", ".nuget", "{F574830C-1205-46AB-9E70-45270DD97FE3}"
	ProjectSection(SolutionItems) = preProject
		.nuget\packages.config = .nuget\packages.config
	EndProjectSection
EndProject
Project("{8BB2217D-0F2D-49D1-97BC-3654ED321F3B}") = "Infrastructure", "Infrastructure\Infrastructure.xproj", "{91D838BC-B088-4881-B460-1ABD994402BC}"
EndProject
Project("{8BB2217D-0F2D-49D1-97BC-3654ED321F3B}") = "HttpInfrastructure", "HttpInfrastructure\HttpInfrastructure.xproj", "{EEAEEF67-BB09-47DC-88AD-7B7109D1FC77}"
EndProject
Project("{8BB2217D-0F2D-49D1-97BC-3654ED321F3B}") = "TaskManagerClient", "TaskManagerClient\TaskManagerClient.xproj", "{5E0E8B08-1EE2-4EBE-993F-458F3AB23D23}"
EndProject
Project("{8BB2217D-0F2D-49D1-97BC-3654ED321F3B}") = "Tests", "Tests\Tests.xproj", "{2725C660-62A4-4D1C-80E6-23EC741FA037}"
EndProject
Project("{8BB2217D-0F2D-49D1-97BC-3654ED321F3B}") = "WebApplication", "WebApplication\WebApplication.xproj", "{1A829648-4110-49D0-84E3-177CBEF84840}"
EndProject
Project("{8BB2217D-0F2D-49D1-97BC-3654ED321F3B}") = "Serialization", "Serialization\Serialization.xproj", "{41CD40F1-6AD1-4EDD-9C0A-FD666570AF01}"
EndProject
Project("{8BB2217D-0F2D-49D1-97BC-3654ED321F3B}") = "Storage", "Storage\Storage.xproj", "{3C0669FA-3C06-435C-B469-8AE21E09A2C9}"
EndProject
Project("{8BB2217D-0F2D-49D1-97BC-3654ED321F3B}") = "IoCContainer", "IoCContainer\IoCContainer.xproj", "{8D4E6C8D-EA6D-4F1B-9C73-4835C1D48498}"
EndProject
Project("{8BB2217D-0F2D-49D1-97BC-3654ED321F3B}") = "MessageBroker", "MessageBroker\MessageBroker.xproj", "{B246D9CD-3D05-49E4-9B38-914926D86A8A}"
EndProject
Global
	GlobalSection(SolutionConfigurationPlatforms) = preSolution
		Debug|Any CPU = Debug|Any CPU
		Release|Any CPU = Release|Any CPU
	EndGlobalSection
	GlobalSection(ProjectConfigurationPlatforms) = postSolution
		{91D838BC-B088-4881-B460-1ABD994402BC}.Debug|Any CPU.ActiveCfg = Debug|Any CPU
		{91D838BC-B088-4881-B460-1ABD994402BC}.Debug|Any CPU.Build.0 = Debug|Any CPU
		{91D838BC-B088-4881-B460-1ABD994402BC}.Release|Any CPU.ActiveCfg = Release|Any CPU
		{91D838BC-B088-4881-B460-1ABD994402BC}.Release|Any CPU.Build.0 = Release|Any CPU
		{EEAEEF67-BB09-47DC-88AD-7B7109D1FC77}.Debug|Any CPU.ActiveCfg = Debug|Any CPU
		{EEAEEF67-BB09-47DC-88AD-7B7109D1FC77}.Debug|Any CPU.Build.0 = Debug|Any CPU
		{EEAEEF67-BB09-47DC-88AD-7B7109D1FC77}.Release|Any CPU.ActiveCfg = Release|Any CPU
		{EEAEEF67-BB09-47DC-88AD-7B7109D1FC77}.Release|Any CPU.Build.0 = Release|Any CPU
		{5E0E8B08-1EE2-4EBE-993F-458F3AB23D23}.Debug|Any CPU.ActiveCfg = Debug|Any CPU
		{5E0E8B08-1EE2-4EBE-993F-458F3AB23D23}.Debug|Any CPU.Build.0 = Debug|Any CPU
		{5E0E8B08-1EE2-4EBE-993F-458F3AB23D23}.Release|Any CPU.ActiveCfg = Release|Any CPU
		{5E0E8B08-1EE2-4EBE-993F-458F3AB23D23}.Release|Any CPU.Build.0 = Release|Any CPU
		{2725C660-62A4-4D1C-80E6-23EC741FA037}.Debug|Any CPU.ActiveCfg = Debug|Any CPU
		{2725C660-62A4-4D1C-80E6-23EC741FA037}.Debug|Any CPU.Build.0 = Debug|Any CPU
		{2725C660-62A4-4D1C-80E6-23EC741FA037}.Release|Any CPU.ActiveCfg = Release|Any CPU
		{2725C660-62A4-4D1C-80E6-23EC741FA037}.Release|Any CPU.Build.0 = Release|Any CPU
		{1A829648-4110-49D0-84E3-177CBEF84840}.Debug|Any CPU.ActiveCfg = Debug|Any CPU
		{1A829648-4110-49D0-84E3-177CBEF84840}.Debug|Any CPU.Build.0 = Debug|Any CPU
		{1A829648-4110-49D0-84E3-177CBEF84840}.Release|Any CPU.ActiveCfg = Release|Any CPU
		{1A829648-4110-49D0-84E3-177CBEF84840}.Release|Any CPU.Build.0 = Release|Any CPU
		{41CD40F1-6AD1-4EDD-9C0A-FD666570AF01}.Debug|Any CPU.ActiveCfg = Debug|Any CPU
		{41CD40F1-6AD1-4EDD-9C0A-FD666570AF01}.Debug|Any CPU.Build.0 = Debug|Any CPU
		{41CD40F1-6AD1-4EDD-9C0A-FD666570AF01}.Release|Any CPU.ActiveCfg = Release|Any CPU
		{41CD40F1-6AD1-4EDD-9C0A-FD666570AF01}.Release|Any CPU.Build.0 = Release|Any CPU
		{3C0669FA-3C06-435C-B469-8AE21E09A2C9}.Debug|Any CPU.ActiveCfg = Debug|Any CPU
		{3C0669FA-3C06-435C-B469-8AE21E09A2C9}.Debug|Any CPU.Build.0 = Debug|Any CPU
		{3C0669FA-3C06-435C-B469-8AE21E09A2C9}.Release|Any CPU.ActiveCfg = Release|Any CPU
		{3C0669FA-3C06-435C-B469-8AE21E09A2C9}.Release|Any CPU.Build.0 = Release|Any CPU
		{8D4E6C8D-EA6D-4F1B-9C73-4835C1D48498}.Debug|Any CPU.ActiveCfg = Debug|Any CPU
		{8D4E6C8D-EA6D-4F1B-9C73-4835C1D48498}.Debug|Any CPU.Build.0 = Debug|Any CPU
		{8D4E6C8D-EA6D-4F1B-9C73-4835C1D48498}.Release|Any CPU.ActiveCfg = Release|Any CPU
		{8D4E6C8D-EA6D-4F1B-9C73-4835C1D48498}.Release|Any CPU.Build.0 = Release|Any CPU
		{B246D9CD-3D05-49E4-9B38-914926D86A8A}.Debug|Any CPU.ActiveCfg = Debug|Any CPU
		{B246D9CD-3D05-49E4-9B38-914926D86A8A}.Debug|Any CPU.Build.0 = Debug|Any CPU
		{B246D9CD-3D05-49E4-9B38-914926D86A8A}.Release|Any CPU.ActiveCfg = Release|Any CPU
		{B246D9CD-3D05-49E4-9B38-914926D86A8A}.Release|Any CPU.Build.0 = Release|Any CPU
	EndGlobalSection
	GlobalSection(SolutionProperties) = preSolution
		HideSolutionNode = FALSE
	EndGlobalSection
EndGlobal
